// !$*UTF8*$!
{
	archiveVersion = 1;
	classes = {
	};
	objectVersion = 48;
	objects = {

/* Begin PBXBuildFile section */
		3B2D384F1F7A33F50035D473 /* AppDelegate.swift in Sources */ = {isa = PBXBuildFile; fileRef = 3B2D384E1F7A33F50035D473 /* AppDelegate.swift */; };
		3B2D38511F7A33F50035D473 /* ViewController.swift in Sources */ = {isa = PBXBuildFile; fileRef = 3B2D38501F7A33F50035D473 /* ViewController.swift */; };
		3B2D38541F7A33F50035D473 /* Main.storyboard in Resources */ = {isa = PBXBuildFile; fileRef = 3B2D38521F7A33F50035D473 /* Main.storyboard */; };
		3B2D38561F7A33F50035D473 /* Assets.xcassets in Resources */ = {isa = PBXBuildFile; fileRef = 3B2D38551F7A33F50035D473 /* Assets.xcassets */; };
		3B2D38591F7A33F50035D473 /* LaunchScreen.storyboard in Resources */ = {isa = PBXBuildFile; fileRef = 3B2D38571F7A33F50035D473 /* LaunchScreen.storyboard */; };
		3B2D38641F7A33F50035D473 /* Auto_Layout_Cookbook2Tests.swift in Sources */ = {isa = PBXBuildFile; fileRef = 3B2D38631F7A33F50035D473 /* Auto_Layout_Cookbook2Tests.swift */; };
/* End PBXBuildFile section */

/* Begin PBXContainerItemProxy section */
		3B2D38601F7A33F50035D473 /* PBXContainerItemProxy */ = {
			isa = PBXContainerItemProxy;
			containerPortal = 3B2D38431F7A33F50035D473 /* Project object */;
			proxyType = 1;
			remoteGlobalIDString = 3B2D384A1F7A33F50035D473;
			remoteInfo = "Auto Layout Cookbook2";
		};
/* End PBXContainerItemProxy section */

/* Begin PBXFileReference section */
		3B2D384B1F7A33F50035D473 /* Auto Layout Cookbook2.app */ = {isa = PBXFileReference; explicitFileType = wrapper.application; includeInIndex = 0; path = "Auto Layout Cookbook2.app"; sourceTree = BUILT_PRODUCTS_DIR; };
		3B2D384E1F7A33F50035D473 /* AppDelegate.swift */ = {isa = PBXFileReference; lastKnownFileType = sourcecode.swift; path = AppDelegate.swift; sourceTree = "<group>"; };
		3B2D38501F7A33F50035D473 /* ViewController.swift */ = {isa = PBXFileReference; lastKnownFileType = sourcecode.swift; path = ViewController.swift; sourceTree = "<group>"; };
		3B2D38531F7A33F50035D473 /* Base */ = {isa = PBXFileReference; lastKnownFileType = file.storyboard; name = Base; path = Base.lproj/Main.storyboard; sourceTree = "<group>"; };
		3B2D38551F7A33F50035D473 /* Assets.xcassets */ = {isa = PBXFileReference; lastKnownFileType = folder.assetcatalog; path = Assets.xcassets; sourceTree = "<group>"; };
		3B2D38581F7A33F50035D473 /* Base */ = {isa = PBXFileReference; lastKnownFileType = file.storyboard; name = Base; path = Base.lproj/LaunchScreen.storyboard; sourceTree = "<group>"; };
		3B2D385A1F7A33F50035D473 /* Info.plist */ = {isa = PBXFileReference; lastKnownFileType = text.plist.xml; path = Info.plist; sourceTree = "<group>"; };
		3B2D385F1F7A33F50035D473 /* Auto Layout Cookbook2Tests.xctest */ = {isa = PBXFileReference; explicitFileType = wrapper.cfbundle; includeInIndex = 0; path = "Auto Layout Cookbook2Tests.xctest"; sourceTree = BUILT_PRODUCTS_DIR; };
		3B2D38631F7A33F50035D473 /* Auto_Layout_Cookbook2Tests.swift */ = {isa = PBXFileReference; lastKnownFileType = sourcecode.swift; path = Auto_Layout_Cookbook2Tests.swift; sourceTree = "<group>"; };
		3B2D38651F7A33F50035D473 /* Info.plist */ = {isa = PBXFileReference; lastKnownFileType = text.plist.xml; path = Info.plist; sourceTree = "<group>"; };
/* End PBXFileReference section */

/* Begin PBXFrameworksBuildPhase section */
		3B2D38481F7A33F50035D473 /* Frameworks */ = {
			isa = PBXFrameworksBuildPhase;
			buildActionMask = 2147483647;
			files = (
			);
			runOnlyForDeploymentPostprocessing = 0;
		};
		3B2D385C1F7A33F50035D473 /* Frameworks */ = {
			isa = PBXFrameworksBuildPhase;
			buildActionMask = 2147483647;
			files = (
			);
			runOnlyForDeploymentPostprocessing = 0;
		};
/* End PBXFrameworksBuildPhase section */

/* Begin PBXGroup section */
		3B2D38421F7A33F50035D473 = {
			isa = PBXGroup;
			children = (
				3B2D384D1F7A33F50035D473 /* Auto Layout Cookbook2 */,
				3B2D38621F7A33F50035D473 /* Auto Layout Cookbook2Tests */,
				3B2D384C1F7A33F50035D473 /* Products */,
			);
			sourceTree = "<group>";
		};
		3B2D384C1F7A33F50035D473 /* Products */ = {
			isa = PBXGroup;
			children = (
				3B2D384B1F7A33F50035D473 /* Auto Layout Cookbook2.app */,
				3B2D385F1F7A33F50035D473 /* Auto Layout Cookbook2Tests.xctest */,
			);
			name = Products;
			sourceTree = "<group>";
		};
		3B2D384D1F7A33F50035D473 /* Auto Layout Cookbook2 */ = {
			isa = PBXGroup;
			children = (
				3B2D384E1F7A33F50035D473 /* AppDelegate.swift */,
				3B2D38501F7A33F50035D473 /* ViewController.swift */,
				3B2D38521F7A33F50035D473 /* Main.storyboard */,
				3B2D38551F7A33F50035D473 /* Assets.xcassets */,
				3B2D38571F7A33F50035D473 /* LaunchScreen.storyboard */,
				3B2D385A1F7A33F50035D473 /* Info.plist */,
			);
			path = "Auto Layout Cookbook2";
			sourceTree = "<group>";
		};
		3B2D38621F7A33F50035D473 /* Auto Layout Cookbook2Tests */ = {
			isa = PBXGroup;
			children = (
				3B2D38631F7A33F50035D473 /* Auto_Layout_Cookbook2Tests.swift */,
				3B2D38651F7A33F50035D473 /* Info.plist */,
			);
			path = "Auto Layout Cookbook2Tests";
			sourceTree = "<group>";
		};
/* End PBXGroup section */

/* Begin PBXNativeTarget section */
		3B2D384A1F7A33F50035D473 /* Auto Layout Cookbook2 */ = {
			isa = PBXNativeTarget;
			buildConfigurationList = 3B2D38681F7A33F50035D473 /* Build configuration list for PBXNativeTarget "Auto Layout Cookbook2" */;
			buildPhases = (
				3B2D38471F7A33F50035D473 /* Sources */,
				3B2D38481F7A33F50035D473 /* Frameworks */,
				3B2D38491F7A33F50035D473 /* Resources */,
			);
			buildRules = (
			);
			dependencies = (
			);
			name = "Auto Layout Cookbook2";
			productName = "Auto Layout Cookbook2";
			productReference = 3B2D384B1F7A33F50035D473 /* Auto Layout Cookbook2.app */;
			productType = "com.apple.product-type.application";
		};
		3B2D385E1F7A33F50035D473 /* Auto Layout Cookbook2Tests */ = {
			isa = PBXNativeTarget;
			buildConfigurationList = 3B2D386B1F7A33F50035D473 /* Build configuration list for PBXNativeTarget "Auto Layout Cookbook2Tests" */;
			buildPhases = (
				3B2D385B1F7A33F50035D473 /* Sources */,
				3B2D385C1F7A33F50035D473 /* Frameworks */,
				3B2D385D1F7A33F50035D473 /* Resources */,
			);
			buildRules = (
			);
			dependencies = (
				3B2D38611F7A33F50035D473 /* PBXTargetDependency */,
			);
			name = "Auto Layout Cookbook2Tests";
			productName = "Auto Layout Cookbook2Tests";
			productReference = 3B2D385F1F7A33F50035D473 /* Auto Layout Cookbook2Tests.xctest */;
			productType = "com.apple.product-type.bundle.unit-test";
		};
/* End PBXNativeTarget section */

/* Begin PBXProject section */
		3B2D38431F7A33F50035D473 /* Project object */ = {
			isa = PBXProject;
			attributes = {
				LastSwiftUpdateCheck = 0900;
				LastUpgradeCheck = 0900;
				ORGANIZATIONNAME = Luyen;
				TargetAttributes = {
					3B2D384A1F7A33F50035D473 = {
						CreatedOnToolsVersion = 9.0;
						ProvisioningStyle = Automatic;
					};
					3B2D385E1F7A33F50035D473 = {
						CreatedOnToolsVersion = 9.0;
						ProvisioningStyle = Automatic;
						TestTargetID = 3B2D384A1F7A33F50035D473;
					};
				};
			};
			buildConfigurationList = 3B2D38461F7A33F50035D473 /* Build configuration list for PBXProject "Auto Layout Cookbook2" */;
			compatibilityVersion = "Xcode 8.0";
			developmentRegion = en;
			hasScannedForEncodings = 0;
			knownRegions = (
				en,
				Base,
			);
			mainGroup = 3B2D38421F7A33F50035D473;
			productRefGroup = 3B2D384C1F7A33F50035D473 /* Products */;
			projectDirPath = "";
			projectRoot = "";
			targets = (
				3B2D384A1F7A33F50035D473 /* Auto Layout Cookbook2 */,
				3B2D385E1F7A33F50035D473 /* Auto Layout Cookbook2Tests */,
			);
		};
/* End PBXProject section */

/* Begin PBXResourcesBuildPhase section */
		3B2D38491F7A33F50035D473 /* Resources */ = {
			isa = PBXResourcesBuildPhase;
			buildActionMask = 2147483647;
			files = (
				3B2D38591F7A33F50035D473 /* LaunchScreen.storyboard in Resources */,
				3B2D38561F7A33F50035D473 /* Assets.xcassets in Resources */,
				3B2D38541F7A33F50035D473 /* Main.storyboard in Resources */,
			);
			runOnlyForDeploymentPostprocessing = 0;
		};
		3B2D385D1F7A33F50035D473 /* Resources */ = {
			isa = PBXResourcesBuildPhase;
			buildActionMask = 2147483647;
			files = (
			);
			runOnlyForDeploymentPostprocessing = 0;
		};
/* End PBXResourcesBuildPhase section */

/* Begin PBXSourcesBuildPhase section */
		3B2D38471F7A33F50035D473 /* Sources */ = {
			isa = PBXSourcesBuildPhase;
			buildActionMask = 2147483647;
			files = (
				3B2D38511F7A33F50035D473 /* ViewController.swift in Sources */,
				3B2D384F1F7A33F50035D473 /* AppDelegate.swift in Sources */,
			);
			runOnlyForDeploymentPostprocessing = 0;
		};
		3B2D385B1F7A33F50035D473 /* Sources */ = {
			isa = PBXSourcesBuildPhase;
			buildActionMask = 2147483647;
			files = (
				3B2D38641F7A33F50035D473 /* Auto_Layout_Cookbook2Tests.swift in Sources */,
			);
			runOnlyForDeploymentPostprocessing = 0;
		};
/* End PBXSourcesBuildPhase section */

/* Begin PBXTargetDependency section */
		3B2D38611F7A33F50035D473 /* PBXTargetDependency */ = {
			isa = PBXTargetDependency;
			target = 3B2D384A1F7A33F50035D473 /* Auto Layout Cookbook2 */;
			targetProxy = 3B2D38601F7A33F50035D473 /* PBXContainerItemProxy */;
		};
/* End PBXTargetDependency section */

/* Begin PBXVariantGroup section */
		3B2D38521F7A33F50035D473 /* Main.storyboard */ = {
			isa = PBXVariantGroup;
			children = (
				3B2D38531F7A33F50035D473 /* Base */,
			);
			name = Main.storyboard;
			sourceTree = "<group>";
		};
		3B2D38571F7A33F50035D473 /* LaunchScreen.storyboard */ = {
			isa = PBXVariantGroup;
			children = (
				3B2D38581F7A33F50035D473 /* Base */,
			);
			name = LaunchScreen.storyboard;
			sourceTree = "<group>";
		};
/* End PBXVariantGroup section */

/* Begin XCBuildConfiguration section */
		3B2D38661F7A33F50035D473 /* Debug */ = {
			isa = XCBuildConfiguration;
			buildSettings = {
				ALWAYS_SEARCH_USER_PATHS = NO;
				CLANG_ANALYZER_NONNULL = YES;
				CLANG_ANALYZER_NUMBER_OBJECT_CONVERSION = YES_AGGRESSIVE;
				CLANG_CXX_LANGUAGE_STANDARD = "gnu++14";
				CLANG_CXX_LIBRARY = "libc++";
				CLANG_ENABLE_MODULES = YES;
				CLANG_ENABLE_OBJC_ARC = YES;
				CLANG_WARN_BLOCK_CAPTURE_AUTORELEASING = YES;
				CLANG_WARN_BOOL_CONVERSION = YES;
				CLANG_WARN_COMMA = YES;
				CLANG_WARN_CONSTANT_CONVERSION = YES;
				CLANG_WARN_DIRECT_OBJC_ISA_USAGE = YES_ERROR;
				CLANG_WARN_DOCUMENTATION_COMMENTS = YES;
				CLANG_WARN_EMPTY_BODY = YES;
				CLANG_WARN_ENUM_CONVERSION = YES;
				CLANG_WARN_INFINITE_RECURSION = YES;
				CLANG_WARN_INT_CONVERSION = YES;
				CLANG_WARN_NON_LITERAL_NULL_CONVERSION = YES;
				CLANG_WARN_OBJC_LITERAL_CONVERSION = YES;
				CLANG_WARN_OBJC_ROOT_CLASS = YES_ERROR;
				CLANG_WARN_RANGE_LOOP_ANALYSIS = YES;
				CLANG_WARN_STRICT_PROTOTYPES = YES;
				CLANG_WARN_SUSPICIOUS_MOVE = YES;
				CLANG_WARN_UNGUARDED_AVAILABILITY = YES_AGGRESSIVE;
				CLANG_WARN_UNREACHABLE_CODE = YES;
				CLANG_WARN__DUPLICATE_METHOD_MATCH = YES;
				CODE_SIGN_IDENTITY = "iPhone Developer";
				COPY_PHASE_STRIP = NO;
				DEBUG_INFORMATION_FORMAT = dwarf;
				ENABLE_STRICT_OBJC_MSGSEND = YES;
				ENABLE_TESTABILITY = YES;
				GCC_C_LANGUAGE_STANDARD = gnu11;
				GCC_DYNAMIC_NO_PIC = NO;
				GCC_NO_COMMON_BLOCKS = YES;
				GCC_OPTIMIZATION_LEVEL = 0;
				GCC_PREPROCESSOR_DEFINITIONS = (
					"DEBUG=1",
					"$(inherited)",
				);
				GCC_WARN_64_TO_32_BIT_CONVERSION = YES;
				GCC_WARN_ABOUT_RETURN_TYPE = YES_ERROR;
				GCC_WARN_UNDECLARED_SELECTOR = YES;
				GCC_WARN_UNINITIALIZED_AUTOS = YES_AGGRESSIVE;
				GCC_WARN_UNUSED_FUNCTION = YES;
				GCC_WARN_UNUSED_VARIABLE = YES;
				IPHONEOS_DEPLOYMENT_TARGET = 11.0;
				MTL_ENABLE_DEBUG_INFO = YES;
				ONLY_ACTIVE_ARCH = YES;
				SDKROOT = iphoneos;
				SWIFT_ACTIVE_COMPILATION_CONDITIONS = DEBUG;
				SWIFT_OPTIMIZATION_LEVEL = "-Onone";
			};
			name = Debug;
		};
		3B2D38671F7A33F50035D473 /* Release */ = {
			isa = XCBuildConfiguration;
			buildSettings = {
				ALWAYS_SEARCH_USER_PATHS = NO;
				CLANG_ANALYZER_NONNULL = YES;
				CLANG_ANALYZER_NUMBER_OBJECT_CONVERSION = YES_AGGRESSIVE;
				CLANG_CXX_LANGUAGE_STANDARD = "gnu++14";
				CLANG_CXX_LIBRARY = "libc++";
				CLANG_ENABLE_MODULES = YES;
				CLANG_ENABLE_OBJC_ARC = YES;
				CLANG_WARN_BLOCK_CAPTURE_AUTORELEASING = YES;
				CLANG_WARN_BOOL_CONVERSION = YES;
				CLANG_WARN_COMMA = YES;
				CLANG_WARN_CONSTANT_CONVERSION = YES;
				CLANG_WARN_DIRECT_OBJC_ISA_USAGE = YES_ERROR;
				CLANG_WARN_DOCUMENTATION_COMMENTS = YES;
				CLANG_WARN_EMPTY_BODY = YES;
				CLANG_WARN_ENUM_CONVERSION = YES;
				CLANG_WARN_INFINITE_RECURSION = YES;
				CLANG_WARN_INT_CONVERSION = YES;
				CLANG_WARN_NON_LITERAL_NULL_CONVERSION = YES;
				CLANG_WARN_OBJC_LITERAL_CONVERSION = YES;
				CLANG_WARN_OBJC_ROOT_CLASS = YES_ERROR;
				CLANG_WARN_RANGE_LOOP_ANALYSIS = YES;
				CLANG_WARN_STRICT_PROTOTYPES = YES;
				CLANG_WARN_SUSPICIOUS_MOVE = YES;
				CLANG_WARN_UNGUARDED_AVAILABILITY = YES_AGGRESSIVE;
				CLANG_WARN_UNREACHABLE_CODE = YES;
				CLANG_WARN__DUPLICATE_METHOD_MATCH = YES;
				CODE_SIGN_IDENTITY = "iPhone Developer";
				COPY_PHASE_STRIP = NO;
				DEBUG_INFORMATION_FORMAT = "dwarf-with-dsym";
				ENABLE_NS_ASSERTIONS = NO;
				ENABLE_STRICT_OBJC_MSGSEND = YES;
				GCC_C_LANGUAGE_STANDARD = gnu11;
				GCC_NO_COMMON_BLOCKS = YES;
				GCC_WARN_64_TO_32_BIT_CONVERSION = YES;
				GCC_WARN_ABOUT_RETURN_TYPE = YES_ERROR;
				GCC_WARN_UNDECLARED_SELECTOR = YES;
				GCC_WARN_UNINITIALIZED_AUTOS = YES_AGGRESSIVE;
				GCC_WARN_UNUSED_FUNCTION = YES;
				GCC_WARN_UNUSED_VARIABLE = YES;
				IPHONEOS_DEPLOYMENT_TARGET = 11.0;
				MTL_ENABLE_DEBUG_INFO = NO;
				SDKROOT = iphoneos;
				SWIFT_OPTIMIZATION_LEVEL = "-Owholemodule";
				VALIDATE_PRODUCT = YES;
			};
			name = Release;
		};
		3B2D38691F7A33F50035D473 /* Debug */ = {
			isa = XCBuildConfiguration;
			buildSettings = {
				ASSETCATALOG_COMPILER_APPICON_NAME = AppIcon;
				CODE_SIGN_STYLE = Automatic;
				INFOPLIST_FILE = "Auto Layout Cookbook2/Info.plist";
				LD_RUNPATH_SEARCH_PATHS = "$(inherited) @executable_path/Frameworks";
				PRODUCT_BUNDLE_IDENTIFIER = "luyen.Auto-Layout-Cookbook2";
				PRODUCT_NAME = "$(TARGET_NAME)";
				SWIFT_VERSION = 4.0;
				TARGETED_DEVICE_FAMILY = "1,2";
			};
			name = Debug;
		};
		3B2D386A1F7A33F50035D473 /* Release */ = {
			isa = XCBuildConfiguration;
			buildSettings = {
				ASSETCATALOG_COMPILER_APPICON_NAME = AppIcon;
				CODE_SIGN_STYLE = Automatic;
				INFOPLIST_FILE = "Auto Layout Cookbook2/Info.plist";
				LD_RUNPATH_SEARCH_PATHS = "$(inherited) @executable_path/Frameworks";
				PRODUCT_BUNDLE_IDENTIFIER = "luyen.Auto-Layout-Cookbook2";
				PRODUCT_NAME = "$(TARGET_NAME)";
				SWIFT_VERSION = 4.0;
				TARGETED_DEVICE_FAMILY = "1,2";
			};
			name = Release;
		};
		3B2D386C1F7A33F50035D473 /* Debug */ = {
			isa = XCBuildConfiguration;
			buildSettings = {
				ALWAYS_EMBED_SWIFT_STANDARD_LIBRARIES = YES;
				BUNDLE_LOADER = "$(TEST_HOST)";
				CODE_SIGN_STYLE = Automatic;
				INFOPLIST_FILE = "Auto Layout Cookbook2Tests/Info.plist";
				LD_RUNPATH_SEARCH_PATHS = "$(inherited) @executable_path/Frameworks @loader_path/Frameworks";
				PRODUCT_BUNDLE_IDENTIFIER = "luyen.Auto-Layout-Cookbook2Tests";
				PRODUCT_NAME = "$(TARGET_NAME)";
				SWIFT_VERSION = 4.0;
				TARGETED_DEVICE_FAMILY = "1,2";
				TEST_HOST = "$(BUILT_PRODUCTS_DIR)/Auto Layout Cookbook2.app/Auto Layout Cookbook2";
			};
			name = Debug;
		};
		3B2D386D1F7A33F50035D473 /* Release */ = {
			isa = XCBuildConfiguration;
			buildSettings = {
				ALWAYS_EMBED_SWIFT_STANDARD_LIBRARIES = YES;
				BUNDLE_LOADER = "$(TEST_HOST)";
				CODE_SIGN_STYLE = Automatic;
				INFOPLIST_FILE = "Auto Layout Cookbook2Tests/Info.plist";
				LD_RUNPATH_SEARCH_PATHS = "$(inherited) @executable_path/Frameworks @loader_path/Frameworks";
				PRODUCT_BUNDLE_IDENTIFIER = "luyen.Auto-Layout-Cookbook2Tests";
				PRODUCT_NAME = "$(TARGET_NAME)";
				SWIFT_VERSION = 4.0;
				TARGETED_DEVICE_FAMILY = "1,2";
				TEST_HOST = "$(BUILT_PRODUCTS_DIR)/Auto Layout Cookbook2.app/Auto Layout Cookbook2";
			};
			name = Release;
		};
/* End XCBuildConfiguration section */

/* Begin XCConfigurationList section */
		3B2D38461F7A33F50035D473 /* Build configuration list for PBXProject "Auto Layout Cookbook2" */ = {
			isa = XCConfigurationList;
			buildConfigurations = (
				3B2D38661F7A33F50035D473 /* Debug */,
				3B2D38671F7A33F50035D473 /* Release */,
			);
			defaultConfigurationIsVisible = 0;
			defaultConfigurationName = Release;
		};
		3B2D38681F7A33F50035D473 /* Build configuration list for PBXNativeTarget "Auto Layout Cookbook2" */ = {
			isa = XCConfigurationList;
			buildConfigurations = (
				3B2D38691F7A33F50035D473 /* Debug */,
				3B2D386A1F7A33F50035D473 /* Release */,
			);
			defaultConfigurationIsVisible = 0;
			defaultConfigurationName = Release;
		};
		3B2D386B1F7A33F50035D473 /* Build configuration list for PBXNativeTarget "Auto Layout Cookbook2Tests" */ = {
			isa = XCConfigurationList;
			buildConfigurations = (
				3B2D386C1F7A33F50035D473 /* Debug */,
				3B2D386D1F7A33F50035D473 /* Release */,
			);
			defaultConfigurationIsVisible = 0;
			defaultConfigurationName = Release;
		};
/* End XCConfigurationList section */
	};
	rootObject = 3B2D38431F7A33F50035D473 /* Project object */;
}
